// !$*UTF8*$!
{
	archiveVersion = 1;
	classes = {
	};
	objectVersion = 50;
	objects = {

/* Begin PBXBuildFile section */
		234B6FEE24889501004F7A4E /* AppDelegate.swift in Sources */ = {isa = PBXBuildFile; fileRef = 234B6FED24889501004F7A4E /* AppDelegate.swift */; };
		234B6FF024889501004F7A4E /* SceneDelegate.swift in Sources */ = {isa = PBXBuildFile; fileRef = 234B6FEF24889501004F7A4E /* SceneDelegate.swift */; };
		234B6FF224889501004F7A4E /* ViewController.swift in Sources */ = {isa = PBXBuildFile; fileRef = 234B6FF124889501004F7A4E /* ViewController.swift */; };
		234B6FF524889501004F7A4E /* Main.storyboard in Resources */ = {isa = PBXBuildFile; fileRef = 234B6FF324889501004F7A4E /* Main.storyboard */; };
		234B6FF724889503004F7A4E /* Assets.xcassets in Resources */ = {isa = PBXBuildFile; fileRef = 234B6FF624889503004F7A4E /* Assets.xcassets */; };
		234B6FFA24889503004F7A4E /* LaunchScreen.storyboard in Resources */ = {isa = PBXBuildFile; fileRef = 234B6FF824889503004F7A4E /* LaunchScreen.storyboard */; };
		234B700224889529004F7A4E /* meri.jpg in Resources */ = {isa = PBXBuildFile; fileRef = 234B700124889529004F7A4E /* meri.jpg */; };
/* End PBXBuildFile section */

/* Begin PBXFileReference section */
		234B6FEA24889501004F7A4E /* NameTag.app */ = {isa = PBXFileReference; explicitFileType = wrapper.application; includeInIndex = 0; path = NameTag.app; sourceTree = BUILT_PRODUCTS_DIR; };
		234B6FED24889501004F7A4E /* AppDelegate.swift */ = {isa = PBXFileReference; lastKnownFileType = sourcecode.swift; path = AppDelegate.swift; sourceTree = "<group>"; };
		234B6FEF24889501004F7A4E /* SceneDelegate.swift */ = {isa = PBXFileReference; lastKnownFileType = sourcecode.swift; path = SceneDelegate.swift; sourceTree = "<group>"; };
		234B6FF124889501004F7A4E /* ViewController.swift */ = {isa = PBXFileReference; lastKnownFileType = sourcecode.swift; path = ViewController.swift; sourceTree = "<group>"; };
		234B6FF424889501004F7A4E /* Base */ = {isa = PBXFileReference; lastKnownFileType = file.storyboard; name = Base; path = Base.lproj/Main.storyboard; sourceTree = "<group>"; };
		234B6FF624889503004F7A4E /* Assets.xcassets */ = {isa = PBXFileReference; lastKnownFileType = folder.assetcatalog; path = Assets.xcassets; sourceTree = "<group>"; };
		234B6FF924889503004F7A4E /* Base */ = {isa = PBXFileReference; lastKnownFileType = file.storyboard; name = Base; path = Base.lproj/LaunchScreen.storyboard; sourceTree = "<group>"; };
		234B6FFB24889503004F7A4E /* Info.plist */ = {isa = PBXFileReference; lastKnownFileType = text.plist.xml; path = Info.plist; sourceTree = "<group>"; };
		234B700124889529004F7A4E /* meri.jpg */ = {isa = PBXFileReference; lastKnownFileType = image.jpeg; path = meri.jpg; sourceTree = "<group>"; };
/* End PBXFileReference section */

/* Begin PBXFrameworksBuildPhase section */
		234B6FE724889501004F7A4E /* Frameworks */ = {
			isa = PBXFrameworksBuildPhase;
			buildActionMask = 2147483647;
			files = (
			);
			runOnlyForDeploymentPostprocessing = 0;
		};
/* End PBXFrameworksBuildPhase section */

/* Begin PBXGroup section */
		234B6FE124889501004F7A4E = {
			isa = PBXGroup;
			children = (
				234B6FEC24889501004F7A4E /* NameTag */,
				234B6FEB24889501004F7A4E /* Products */,
			);
			sourceTree = "<group>";
		};
		234B6FEB24889501004F7A4E /* Products */ = {
			isa = PBXGroup;
			children = (
				234B6FEA24889501004F7A4E /* NameTag.app */,
			);
			name = Products;
			sourceTree = "<group>";
		};
		234B6FEC24889501004F7A4E /* NameTag */ = {
			isa = PBXGroup;
			children = (
				234B6FED24889501004F7A4E /* AppDelegate.swift */,
				234B700124889529004F7A4E /* meri.jpg */,
				234B6FEF24889501004F7A4E /* SceneDelegate.swift */,
				234B6FF124889501004F7A4E /* ViewController.swift */,
				234B6FF324889501004F7A4E /* Main.storyboard */,
				234B6FF624889503004F7A4E /* Assets.xcassets */,
				234B6FF824889503004F7A4E /* LaunchScreen.storyboard */,
				234B6FFB24889503004F7A4E /* Info.plist */,
			);
			path = NameTag;
			sourceTree = "<group>";
		};
/* End PBXGroup section */

/* Begin PBXNativeTarget section */
		234B6FE924889501004F7A4E /* NameTag */ = {
			isa = PBXNativeTarget;
			buildConfigurationList = 234B6FFE24889503004F7A4E /* Build configuration list for PBXNativeTarget "NameTag" */;
			buildPhases = (
				234B6FE624889501004F7A4E /* Sources */,
				234B6FE724889501004F7A4E /* Frameworks */,
				234B6FE824889501004F7A4E /* Resources */,
			);
			buildRules = (
			);
			dependencies = (
			);
			name = NameTag;
			productName = NameTag;
			productReference = 234B6FEA24889501004F7A4E /* NameTag.app */;
			productType = "com.apple.product-type.application";
		};
/* End PBXNativeTarget section */

/* Begin PBXProject section */
		234B6FE224889501004F7A4E /* Project object */ = {
			isa = PBXProject;
			attributes = {
				LastSwiftUpdateCheck = 1150;
				LastUpgradeCheck = 1150;
				ORGANIZATIONNAME = "Meri Engel";
				TargetAttributes = {
					234B6FE924889501004F7A4E = {
						CreatedOnToolsVersion = 11.5;
					};
				};
			};
			buildConfigurationList = 234B6FE524889501004F7A4E /* Build configuration list for PBXProject "NameTag" */;
			compatibilityVersion = "Xcode 9.3";
			developmentRegion = en;
			hasScannedForEncodings = 0;
			knownRegions = (
				en,
				Base,
			);
			mainGroup = 234B6FE124889501004F7A4E;
			productRefGroup = 234B6FEB24889501004F7A4E /* Products */;
			projectDirPath = "";
			projectRoot = "";
			targets = (
				234B6FE924889501004F7A4E /* NameTag */,
			);
		};
/* End PBXProject section */

/* Begin PBXResourcesBuildPhase section */
		234B6FE824889501004F7A4E /* Resources */ = {
			isa = PBXResourcesBuildPhase;
			buildActionMask = 2147483647;
			files = (
				234B700224889529004F7A4E /* meri.jpg in Resources */,
				234B6FFA24889503004F7A4E /* LaunchScreen.storyboard in Resources */,
				234B6FF724889503004F7A4E /* Assets.xcassets in Resources */,
				234B6FF524889501004F7A4E /* Main.storyboard in Resources */,
			);
			runOnlyForDeploymentPostprocessing = 0;
		};
/* End PBXResourcesBuildPhase section */

/* Begin PBXSourcesBuildPhase section */
		234B6FE624889501004F7A4E /* Sources */ = {
			isa = PBXSourcesBuildPhase;
			buildActionMask = 2147483647;
			files = (
				234B6FF224889501004F7A4E /* ViewController.swift in Sources */,
				234B6FEE24889501004F7A4E /* AppDelegate.swift in Sources */,
				234B6FF024889501004F7A4E /* SceneDelegate.swift in Sources */,
			);
			runOnlyForDeploymentPostprocessing = 0;
		};
/* End PBXSourcesBuildPhase section */

/* Begin PBXVariantGroup section */
		234B6FF324889501004F7A4E /* Main.storyboard */ = {
			isa = PBXVariantGroup;
			children = (
				234B6FF424889501004F7A4E /* Base */,
			);
			name = Main.storyboard;
			sourceTree = "<group>";
		};
		234B6FF824889503004F7A4E /* LaunchScreen.storyboard */ = {
			isa = PBXVariantGroup;
			children = (
				234B6FF924889503004F7A4E /* Base */,
			);
			name = LaunchScreen.storyboard;
			sourceTree = "<group>";
		};
/* End PBXVariantGroup section */

/* Begin XCBuildConfiguration section */
		234B6FFC24889503004F7A4E /* Debug */ = {
			isa = XCBuildConfiguration;
			buildSettings = {
				ALWAYS_SEARCH_USER_PATHS = NO;
				CLANG_ANALYZER_NONNULL = YES;
				CLANG_ANALYZER_NUMBER_OBJECT_CONVERSION = YES_AGGRESSIVE;
				CLANG_CXX_LANGUAGE_STANDARD = "gnu++14";
				CLANG_CXX_LIBRARY = "libc++";
				CLANG_ENABLE_MODULES = YES;
				CLANG_ENABLE_OBJC_ARC = YES;
				CLANG_ENABLE_OBJC_WEAK = YES;
				CLANG_WARN_BLOCK_CAPTURE_AUTORELEASING = YES;
				CLANG_WARN_BOOL_CONVERSION = YES;
				CLANG_WARN_COMMA = YES;
				CLANG_WARN_CONSTANT_CONVERSION = YES;
				CLANG_WARN_DEPRECATED_OBJC_IMPLEMENTATIONS = YES;
				CLANG_WARN_DIRECT_OBJC_ISA_USAGE = YES_ERROR;
				CLANG_WARN_DOCUMENTATION_COMMENTS = YES;
				CLANG_WARN_EMPTY_BODY = YES;
				CLANG_WARN_ENUM_CONVERSION = YES;
				CLANG_WARN_INFINITE_RECURSION = YES;
				CLANG_WARN_INT_CONVERSION = YES;
				CLANG_WARN_NON_LITERAL_NULL_CONVERSION = YES;
				CLANG_WARN_OBJC_IMPLICIT_RETAIN_SELF = YES;
				CLANG_WARN_OBJC_LITERAL_CONVERSION = YES;
				CLANG_WARN_OBJC_ROOT_CLASS = YES_ERROR;
				CLANG_WARN_RANGE_LOOP_ANALYSIS = YES;
				CLANG_WARN_STRICT_PROTOTYPES = YES;
				CLANG_WARN_SUSPICIOUS_MOVE = YES;
				CLANG_WARN_UNGUARDED_AVAILABILITY = YES_AGGRESSIVE;
				CLANG_WARN_UNREACHABLE_CODE = YES;
				CLANG_WARN__DUPLICATE_METHOD_MATCH = YES;
				COPY_PHASE_STRIP = NO;
				DEBUG_INFORMATION_FORMAT = dwarf;
				ENABLE_STRICT_OBJC_MSGSEND = YES;
				ENABLE_TESTABILITY = YES;
				GCC_C_LANGUAGE_STANDARD = gnu11;
				GCC_DYNAMIC_NO_PIC = NO;
				GCC_NO_COMMON_BLOCKS = YES;
				GCC_OPTIMIZATION_LEVEL = 0;
				GCC_PREPROCESSOR_DEFINITIONS = (
					"DEBUG=1",
					"$(inherited)",
				);
				GCC_WARN_64_TO_32_BIT_CONVERSION = YES;
				GCC_WARN_ABOUT_RETURN_TYPE = YES_ERROR;
				GCC_WARN_UNDECLARED_SELECTOR = YES;
				GCC_WARN_UNINITIALIZED_AUTOS = YES_AGGRESSIVE;
				GCC_WARN_UNUSED_FUNCTION = YES;
				GCC_WARN_UNUSED_VARIABLE = YES;
				IPHONEOS_DEPLOYMENT_TARGET = 13.5;
				MTL_ENABLE_DEBUG_INFO = INCLUDE_SOURCE;
				MTL_FAST_MATH = YES;
				ONLY_ACTIVE_ARCH = YES;
				SDKROOT = iphoneos;
				SWIFT_ACTIVE_COMPILATION_CONDITIONS = DEBUG;
				SWIFT_OPTIMIZATION_LEVEL = "-Onone";
			};
			name = Debug;
		};
		234B6FFD24889503004F7A4E /* Release */ = {
			isa = XCBuildConfiguration;
			buildSettings = {
				ALWAYS_SEARCH_USER_PATHS = NO;
				CLANG_ANALYZER_NONNULL = YES;
				CLANG_ANALYZER_NUMBER_OBJECT_CONVERSION = YES_AGGRESSIVE;
				CLANG_CXX_LANGUAGE_STANDARD = "gnu++14";
				CLANG_CXX_LIBRARY = "libc++";
				CLANG_ENABLE_MODULES = YES;
				CLANG_ENABLE_OBJC_ARC = YES;
				CLANG_ENABLE_OBJC_WEAK = YES;
				CLANG_WARN_BLOCK_CAPTURE_AUTORELEASING = YES;
				CLANG_WARN_BOOL_CONVERSION = YES;
				CLANG_WARN_COMMA = YES;
				CLANG_WARN_CONSTANT_CONVERSION = YES;
				CLANG_WARN_DEPRECATED_OBJC_IMPLEMENTATIONS = YES;
				CLANG_WARN_DIRECT_OBJC_ISA_USAGE = YES_ERROR;
				CLANG_WARN_DOCUMENTATION_COMMENTS = YES;
				CLANG_WARN_EMPTY_BODY = YES;
				CLANG_WARN_ENUM_CONVERSION = YES;
				CLANG_WARN_INFINITE_RECURSION = YES;
				CLANG_WARN_INT_CONVERSION = YES;
				CLANG_WARN_NON_LITERAL_NULL_CONVERSION = YES;
				CLANG_WARN_OBJC_IMPLICIT_RETAIN_SELF = YES;
				CLANG_WARN_OBJC_LITERAL_CONVERSION = YES;
				CLANG_WARN_OBJC_ROOT_CLASS = YES_ERROR;
				CLANG_WARN_RANGE_LOOP_ANALYSIS = YES;
				CLANG_WARN_STRICT_PROTOTYPES = YES;
				CLANG_WARN_SUSPICIOUS_MOVE = YES;
				CLANG_WARN_UNGUARDED_AVAILABILITY = YES_AGGRESSIVE;
				CLANG_WARN_UNREACHABLE_CODE = YES;
				CLANG_WARN__DUPLICATE_METHOD_MATCH = YES;
				COPY_PHASE_STRIP = NO;
				DEBUG_INFORMATION_FORMAT = "dwarf-with-dsym";
				ENABLE_NS_ASSERTIONS = NO;
				ENABLE_STRICT_OBJC_MSGSEND = YES;
				GCC_C_LANGUAGE_STANDARD = gnu11;
				GCC_NO_COMMON_BLOCKS = YES;
				GCC_WARN_64_TO_32_BIT_CONVERSION = YES;
				GCC_WARN_ABOUT_RETURN_TYPE = YES_ERROR;
				GCC_WARN_UNDECLARED_SELECTOR = YES;
				GCC_WARN_UNINITIALIZED_AUTOS = YES_AGGRESSIVE;
				GCC_WARN_UNUSED_FUNCTION = YES;
				GCC_WARN_UNUSED_VARIABLE = YES;
				IPHONEOS_DEPLOYMENT_TARGET = 13.5;
				MTL_ENABLE_DEBUG_INFO = NO;
				MTL_FAST_MATH = YES;
				SDKROOT = iphoneos;
				SWIFT_COMPILATION_MODE = wholemodule;
				SWIFT_OPTIMIZATION_LEVEL = "-O";
				VALIDATE_PRODUCT = YES;
			};
			name = Release;
		};
		234B6FFF24889503004F7A4E /* Debug */ = {
			isa = XCBuildConfiguration;
			buildSettings = {
				ASSETCATALOG_COMPILER_APPICON_NAME = AppIcon;
				CODE_SIGN_STYLE = Automatic;
				DEVELOPMENT_TEAM = ZDWK494RCM;
				INFOPLIST_FILE = NameTag/Info.plist;
				LD_RUNPATH_SEARCH_PATHS = (
					"$(inherited)",
					"@executable_path/Frameworks",
				);
				PRODUCT_BUNDLE_IDENTIFIER = com.mema.NameTag;
				PRODUCT_NAME = "$(TARGET_NAME)";
				SWIFT_VERSION = 5.0;
				TARGETED_DEVICE_FAMILY = "1,2";
			};
			name = Debug;
		};
		234B700024889503004F7A4E /* Release */ = {
			isa = XCBuildConfiguration;
			buildSettings = {
				ASSETCATALOG_COMPILER_APPICON_NAME = AppIcon;
				CODE_SIGN_STYLE = Automatic;
				DEVELOPMENT_TEAM = ZDWK494RCM;
				INFOPLIST_FILE = NameTag/Info.plist;
				LD_RUNPATH_SEARCH_PATHS = (
					"$(inherited)",
					"@executable_path/Frameworks",
				);
				PRODUCT_BUNDLE_IDENTIFIER = com.mema.NameTag;
				PRODUCT_NAME = "$(TARGET_NAME)";
				SWIFT_VERSION = 5.0;
				TARGETED_DEVICE_FAMILY = "1,2";
			};
			name = Release;
		};
/* End XCBuildConfiguration section */

/* Begin XCConfigurationList section */
		234B6FE524889501004F7A4E /* Build configuration list for PBXProject "NameTag" */ = {
			isa = XCConfigurationList;
			buildConfigurations = (
				234B6FFC24889503004F7A4E /* Debug */,
				234B6FFD24889503004F7A4E /* Release */,
			);
			defaultConfigurationIsVisible = 0;
			defaultConfigurationName = Release;
		};
		234B6FFE24889503004F7A4E /* Build configuration list for PBXNativeTarget "NameTag" */ = {
			isa = XCConfigurationList;
			buildConfigurations = (
				234B6FFF24889503004F7A4E /* Debug */,
				234B700024889503004F7A4E /* Release */,
			);
			defaultConfigurationIsVisible = 0;
			defaultConfigurationName = Release;
		};
/* End XCConfigurationList section */
	};
	rootObject = 234B6FE224889501004F7A4E /* Project object */;
}
